version = 1
revision = 3
requires-python = ">=3.13"

[[package]]
name = "art"
version = "6.5"
source = { registry = "https://pypi.org/simple" }
sdist = { url = "https://files.pythonhosted.org/packages/d4/7d/7d80509bbd19fb747edef94ba487dbadd2747944774ccc0528ad0d005a36/art-6.5.tar.gz", hash = "sha256:a98d77b42c278697ec6cf4b5bdcdfd997f6b2425332da078d4e31e31377d1844", size = 672902, upload-time = "2025-04-12T17:02:20.279Z" }
wheels = [
    { url = "https://files.pythonhosted.org/packages/67/29/57b06fdb3abdf52c621d3ca3caea735e2db4c8d48288ebd26af448e8e247/art-6.5-py3-none-any.whl", hash = "sha256:70706408144c45c666caab690627d5c74aea7b6c7ce8cc968408ddeef8d84afd", size = 610382, upload-time = "2025-04-12T17:02:21.97Z" },
]

[[package]]
name = "certifi"
version = "2025.8.3"
source = { registry = "https://pypi.org/simple" }
sdist = { url = "https://files.pythonhosted.org/packages/dc/67/960ebe6bf230a96cda2e0abcf73af550ec4f090005363542f0765df162e0/certifi-2025.8.3.tar.gz", hash = "sha256:e564105f78ded564e3ae7c923924435e1daa7463faeab5bb932bc53ffae63407", size = 162386, upload-time = "2025-08-03T03:07:47.08Z" }
wheels = [
    { url = "https://files.pythonhosted.org/packages/e5/48/1549795ba7742c948d2ad169c1c8cdbae65bc450d6cd753d124b17c8cd32/certifi-2025.8.3-py3-none-any.whl", hash = "sha256:f6c12493cfb1b06ba2ff328595af9350c65d6644968e5d3a2ffd78699af217a5", size = 161216, upload-time = "2025-08-03T03:07:45.777Z" },
]

[[package]]
name = "charset-normalizer"
version = "3.4.3"
source = { registry = "https://pypi.org/simple" }
sdist = { url = "https://files.pythonhosted.org/packages/83/2d/5fd176ceb9b2fc619e63405525573493ca23441330fcdaee6bef9460e924/charset_normalizer-3.4.3.tar.gz", hash = "sha256:6fce4b8500244f6fcb71465d4a4930d132ba9ab8e71a7859e6a5d59851068d14", size = 122371, upload-time = "2025-08-09T07:57:28.46Z" }
wheels = [
    { url = "https://files.pythonhosted.org/packages/65/ca/2135ac97709b400c7654b4b764daf5c5567c2da45a30cdd20f9eefe2d658/charset_normalizer-3.4.3-cp313-cp313-macosx_10_13_universal2.whl", hash = "sha256:14c2a87c65b351109f6abfc424cab3927b3bdece6f706e4d12faaf3d52ee5efe", size = 205326, upload-time = "2025-08-09T07:56:24.721Z" },
    { url = "https://files.pythonhosted.org/packages/71/11/98a04c3c97dd34e49c7d247083af03645ca3730809a5509443f3c37f7c99/charset_normalizer-3.4.3-cp313-cp313-manylinux2014_aarch64.manylinux_2_17_aarch64.manylinux_2_28_aarch64.whl", hash = "sha256:41d1fc408ff5fdfb910200ec0e74abc40387bccb3252f3f27c0676731df2b2c8", size = 146008, upload-time = "2025-08-09T07:56:26.004Z" },
    { url = "https://files.pythonhosted.org/packages/60/f5/4659a4cb3c4ec146bec80c32d8bb16033752574c20b1252ee842a95d1a1e/charset_normalizer-3.4.3-cp313-cp313-manylinux2014_ppc64le.manylinux_2_17_ppc64le.manylinux_2_28_ppc64le.whl", hash = "sha256:1bb60174149316da1c35fa5233681f7c0f9f514509b8e399ab70fea5f17e45c9", size = 159196, upload-time = "2025-08-09T07:56:27.25Z" },
    { url = "https://files.pythonhosted.org/packages/86/9e/f552f7a00611f168b9a5865a1414179b2c6de8235a4fa40189f6f79a1753/charset_normalizer-3.4.3-cp313-cp313-manylinux2014_s390x.manylinux_2_17_s390x.manylinux_2_28_s390x.whl", hash = "sha256:30d006f98569de3459c2fc1f2acde170b7b2bd265dc1943e87e1a4efe1b67c31", size = 156819, upload-time = "2025-08-09T07:56:28.515Z" },
    { url = "https://files.pythonhosted.org/packages/7e/95/42aa2156235cbc8fa61208aded06ef46111c4d3f0de233107b3f38631803/charset_normalizer-3.4.3-cp313-cp313-manylinux2014_x86_64.manylinux_2_17_x86_64.manylinux_2_28_x86_64.whl", hash = "sha256:416175faf02e4b0810f1f38bcb54682878a4af94059a1cd63b8747244420801f", size = 151350, upload-time = "2025-08-09T07:56:29.716Z" },
    { url = "https://files.pythonhosted.org/packages/c2/a9/3865b02c56f300a6f94fc631ef54f0a8a29da74fb45a773dfd3dcd380af7/charset_normalizer-3.4.3-cp313-cp313-musllinux_1_2_aarch64.whl", hash = "sha256:6aab0f181c486f973bc7262a97f5aca3ee7e1437011ef0c2ec04b5a11d16c927", size = 148644, upload-time = "2025-08-09T07:56:30.984Z" },
    { url = "https://files.pythonhosted.org/packages/77/d9/cbcf1a2a5c7d7856f11e7ac2d782aec12bdfea60d104e60e0aa1c97849dc/charset_normalizer-3.4.3-cp313-cp313-musllinux_1_2_ppc64le.whl", hash = "sha256:fdabf8315679312cfa71302f9bd509ded4f2f263fb5b765cf1433b39106c3cc9", size = 160468, upload-time = "2025-08-09T07:56:32.252Z" },
    { url = "https://files.pythonhosted.org/packages/f6/42/6f45efee8697b89fda4d50580f292b8f7f9306cb2971d4b53f8914e4d890/charset_normalizer-3.4.3-cp313-cp313-musllinux_1_2_s390x.whl", hash = "sha256:bd28b817ea8c70215401f657edef3a8aa83c29d447fb0b622c35403780ba11d5", size = 158187, upload-time = "2025-08-09T07:56:33.481Z" },
    { url = "https://files.pythonhosted.org/packages/70/99/f1c3bdcfaa9c45b3ce96f70b14f070411366fa19549c1d4832c935d8e2c3/charset_normalizer-3.4.3-cp313-cp313-musllinux_1_2_x86_64.whl", hash = "sha256:18343b2d246dc6761a249ba1fb13f9ee9a2bcd95decc767319506056ea4ad4dc", size = 152699, upload-time = "2025-08-09T07:56:34.739Z" },
    { url = "https://files.pythonhosted.org/packages/a3/ad/b0081f2f99a4b194bcbb1934ef3b12aa4d9702ced80a37026b7607c72e58/charset_normalizer-3.4.3-cp313-cp313-win32.whl", hash = "sha256:6fb70de56f1859a3f71261cbe41005f56a7842cc348d3aeb26237560bfa5e0ce", size = 99580, upload-time = "2025-08-09T07:56:35.981Z" },
    { url = "https://files.pythonhosted.org/packages/9a/8f/ae790790c7b64f925e5c953b924aaa42a243fb778fed9e41f147b2a5715a/charset_normalizer-3.4.3-cp313-cp313-win_amd64.whl", hash = "sha256:cf1ebb7d78e1ad8ec2a8c4732c7be2e736f6e5123a4146c5b89c9d1f585f8cef", size = 107366, upload-time = "2025-08-09T07:56:37.339Z" },
    { url = "https://files.pythonhosted.org/packages/8e/91/b5a06ad970ddc7a0e513112d40113e834638f4ca1120eb727a249fb2715e/charset_normalizer-3.4.3-cp314-cp314-macosx_10_13_universal2.whl", hash = "sha256:3cd35b7e8aedeb9e34c41385fda4f73ba609e561faedfae0a9e75e44ac558a15", size = 204342, upload-time = "2025-08-09T07:56:38.687Z" },
    { url = "https://files.pythonhosted.org/packages/ce/ec/1edc30a377f0a02689342f214455c3f6c2fbedd896a1d2f856c002fc3062/charset_normalizer-3.4.3-cp314-cp314-manylinux2014_aarch64.manylinux_2_17_aarch64.manylinux_2_28_aarch64.whl", hash = "sha256:b89bc04de1d83006373429975f8ef9e7932534b8cc9ca582e4db7d20d91816db", size = 145995, upload-time = "2025-08-09T07:56:40.048Z" },
    { url = "https://files.pythonhosted.org/packages/17/e5/5e67ab85e6d22b04641acb5399c8684f4d37caf7558a53859f0283a650e9/charset_normalizer-3.4.3-cp314-cp314-manylinux2014_ppc64le.manylinux_2_17_ppc64le.manylinux_2_28_ppc64le.whl", hash = "sha256:2001a39612b241dae17b4687898843f254f8748b796a2e16f1051a17078d991d", size = 158640, upload-time = "2025-08-09T07:56:41.311Z" },
    { url = "https://files.pythonhosted.org/packages/f1/e5/38421987f6c697ee3722981289d554957c4be652f963d71c5e46a262e135/charset_normalizer-3.4.3-cp314-cp314-manylinux2014_s390x.manylinux_2_17_s390x.manylinux_2_28_s390x.whl", hash = "sha256:8dcfc373f888e4fb39a7bc57e93e3b845e7f462dacc008d9749568b1c4ece096", size = 156636, upload-time = "2025-08-09T07:56:43.195Z" },
    { url = "https://files.pythonhosted.org/packages/a0/e4/5a075de8daa3ec0745a9a3b54467e0c2967daaaf2cec04c845f73493e9a1/charset_normalizer-3.4.3-cp314-cp314-manylinux2014_x86_64.manylinux_2_17_x86_64.manylinux_2_28_x86_64.whl", hash = "sha256:18b97b8404387b96cdbd30ad660f6407799126d26a39ca65729162fd810a99aa", size = 150939, upload-time = "2025-08-09T07:56:44.819Z" },
    { url = "https://files.pythonhosted.org/packages/02/f7/3611b32318b30974131db62b4043f335861d4d9b49adc6d57c1149cc49d4/charset_normalizer-3.4.3-cp314-cp314-musllinux_1_2_aarch64.whl", hash = "sha256:ccf600859c183d70eb47e05a44cd80a4ce77394d1ac0f79dbd2dd90a69a3a049", size = 148580, upload-time = "2025-08-09T07:56:46.684Z" },
    { url = "https://files.pythonhosted.org/packages/7e/61/19b36f4bd67f2793ab6a99b979b4e4f3d8fc754cbdffb805335df4337126/charset_normalizer-3.4.3-cp314-cp314-musllinux_1_2_ppc64le.whl", hash = "sha256:53cd68b185d98dde4ad8990e56a58dea83a4162161b1ea9272e5c9182ce415e0", size = 159870, upload-time = "2025-08-09T07:56:47.941Z" },
    { url = "https://files.pythonhosted.org/packages/06/57/84722eefdd338c04cf3030ada66889298eaedf3e7a30a624201e0cbe424a/charset_normalizer-3.4.3-cp314-cp314-musllinux_1_2_s390x.whl", hash = "sha256:30a96e1e1f865f78b030d65241c1ee850cdf422d869e9028e2fc1d5e4db73b92", size = 157797, upload-time = "2025-08-09T07:56:49.756Z" },
    { url = "https://files.pythonhosted.org/packages/72/2a/aff5dd112b2f14bcc3462c312dce5445806bfc8ab3a7328555da95330e4b/charset_normalizer-3.4.3-cp314-cp314-musllinux_1_2_x86_64.whl", hash = "sha256:d716a916938e03231e86e43782ca7878fb602a125a91e7acb8b5112e2e96ac16", size = 152224, upload-time = "2025-08-09T07:56:51.369Z" },
    { url = "https://files.pythonhosted.org/packages/b7/8c/9839225320046ed279c6e839d51f028342eb77c91c89b8ef2549f951f3ec/charset_normalizer-3.4.3-cp314-cp314-win32.whl", hash = "sha256:c6dbd0ccdda3a2ba7c2ecd9d77b37f3b5831687d8dc1b6ca5f56a4880cc7b7ce", size = 100086, upload-time = "2025-08-09T07:56:52.722Z" },
    { url = "https://files.pythonhosted.org/packages/ee/7a/36fbcf646e41f710ce0a563c1c9a343c6edf9be80786edeb15b6f62e17db/charset_normalizer-3.4.3-cp314-cp314-win_amd64.whl", hash = "sha256:73dc19b562516fc9bcf6e5d6e596df0b4eb98d87e4f79f3ae71840e6ed21361c", size = 107400, upload-time = "2025-08-09T07:56:55.172Z" },
    { url = "https://files.pythonhosted.org/packages/8a/1f/f041989e93b001bc4e44bb1669ccdcf54d3f00e628229a85b08d330615c5/charset_normalizer-3.4.3-py3-none-any.whl", hash = "sha256:ce571ab16d890d23b5c278547ba694193a45011ff86a9162a71307ed9f86759a", size = 53175, upload-time = "2025-08-09T07:57:26.864Z" },
]

[[package]]
name = "click"
version = "8.1.8"
source = { registry = "https://pypi.org/simple" }
dependencies = [
    { name = "colorama", marker = "sys_platform == 'win32'" },
]
sdist = { url = "https://files.pythonhosted.org/packages/b9/2e/0090cbf739cee7d23781ad4b89a9894a41538e4fcf4c31dcdd705b78eb8b/click-8.1.8.tar.gz", hash = "sha256:ed53c9d8990d83c2a27deae68e4ee337473f6330c040a31d4225c9574d16096a", size = 226593, upload-time = "2024-12-21T18:38:44.339Z" }
wheels = [
    { url = "https://files.pythonhosted.org/packages/7e/d4/7ebdbd03970677812aac39c869717059dbb71a4cfc033ca6e5221787892c/click-8.1.8-py3-none-any.whl", hash = "sha256:63c132bbbed01578a06712a2d1f497bb62d9c1c0d329b7903a866228027263b2", size = 98188, upload-time = "2024-12-21T18:38:41.666Z" },
]

[[package]]
name = "colorama"
version = "0.4.6"
source = { registry = "https://pypi.org/simple" }
sdist = { url = "https://files.pythonhosted.org/packages/d8/53/6f443c9a4a8358a93a6792e2acffb9d9d5cb0a5cfd8802644b7b1c9a02e4/colorama-0.4.6.tar.gz", hash = "sha256:08695f5cb7ed6e0531a20572697297273c47b8cae5a63ffc6d6ed5c201be6e44", size = 27697, upload-time = "2022-10-25T02:36:22.414Z" }
wheels = [
    { url = "https://files.pythonhosted.org/packages/d1/d6/3965ed04c63042e047cb6a3e6ed1a63a35087b6a609aa3a15ed8ac56c221/colorama-0.4.6-py2.py3-none-any.whl", hash = "sha256:4f1d9991f5acc0ca119f9d443620b77f9d6b33703e51011c16baf57afb285fc6", size = 25335, upload-time = "2022-10-25T02:36:20.889Z" },
]

[[package]]
name = "evdev"
version = "1.9.2"
source = { registry = "https://pypi.org/simple" }
sdist = { url = "https://files.pythonhosted.org/packages/63/fe/a17c106a1f4061ce83f04d14bcedcfb2c38c7793ea56bfb906a6fadae8cb/evdev-1.9.2.tar.gz", hash = "sha256:5d3278892ce1f92a74d6bf888cc8525d9f68af85dbe336c95d1c87fb8f423069", size = 33301, upload-time = "2025-05-01T19:53:47.69Z" }

[[package]]
name = "fuzzywuzzy"
version = "0.18.0"
source = { registry = "https://pypi.org/simple" }
sdist = { url = "https://files.pythonhosted.org/packages/11/4b/0a002eea91be6048a2b5d53c5f1b4dafd57ba2e36eea961d05086d7c28ce/fuzzywuzzy-0.18.0.tar.gz", hash = "sha256:45016e92264780e58972dca1b3d939ac864b78437422beecebb3095f8efd00e8", size = 28888, upload-time = "2020-02-13T21:06:27.054Z" }
wheels = [
    { url = "https://files.pythonhosted.org/packages/43/ff/74f23998ad2f93b945c0309f825be92e04e0348e062026998b5eefef4c33/fuzzywuzzy-0.18.0-py2.py3-none-any.whl", hash = "sha256:928244b28db720d1e0ee7587acf660ea49d7e4c632569cad4f1cd7e68a5f0993", size = 18272, upload-time = "2020-02-13T21:06:25.209Z" },
]

[[package]]
name = "gtts"
version = "2.5.4"
source = { registry = "https://pypi.org/simple" }
dependencies = [
    { name = "click" },
    { name = "requests" },
]
sdist = { url = "https://files.pythonhosted.org/packages/57/79/5ddb1dfcd663581d0d3fca34ccb1d8d841b47c22a24dc8dce416e3d87dfa/gtts-2.5.4.tar.gz", hash = "sha256:f5737b585f6442f677dbe8773424fd50697c75bdf3e36443585e30a8d48c1884", size = 24018, upload-time = "2024-11-10T21:58:00.358Z" }
wheels = [
    { url = "https://files.pythonhosted.org/packages/e3/6c/8b8b1fdcaee7e268536f1bb00183a5894627726b54a9ddc6fc9909888447/gTTS-2.5.4-py3-none-any.whl", hash = "sha256:5dd579377f9f5546893bc26315ab1f846933dc27a054764b168f141065ca8436", size = 29184, upload-time = "2024-11-10T21:57:58.448Z" },
]

[[package]]
name = "idna"
version = "3.10"
source = { registry = "https://pypi.org/simple" }
sdist = { url = "https://files.pythonhosted.org/packages/f1/70/7703c29685631f5a7590aa73f1f1d3fa9a380e654b86af429e0934a32f7d/idna-3.10.tar.gz", hash = "sha256:12f65c9b470abda6dc35cf8e63cc574b1c52b11df2c86030af0ac09b01b13ea9", size = 190490, upload-time = "2024-09-15T18:07:39.745Z" }
wheels = [
    { url = "https://files.pythonhosted.org/packages/76/c6/c88e154df9c4e1a2a66ccf0005a88dfb2650c1dffb6f5ce603dfbd452ce3/idna-3.10-py3-none-any.whl", hash = "sha256:946d195a0d259cbba61165e88e65941f16e9b36ea6ddb97f00452bae8b1287d3", size = 70442, upload-time = "2024-09-15T18:07:37.964Z" },
]

[[package]]
name = "markdown-it-py"
version = "4.0.0"
source = { registry = "https://pypi.org/simple" }
dependencies = [
    { name = "mdurl" },
]
sdist = { url = "https://files.pythonhosted.org/packages/5b/f5/4ec618ed16cc4f8fb3b701563655a69816155e79e24a17b651541804721d/markdown_it_py-4.0.0.tar.gz", hash = "sha256:cb0a2b4aa34f932c007117b194e945bd74e0ec24133ceb5bac59009cda1cb9f3", size = 73070, upload-time = "2025-08-11T12:57:52.854Z" }
wheels = [
    { url = "https://files.pythonhosted.org/packages/94/54/e7d793b573f298e1c9013b8c4dade17d481164aa517d1d7148619c2cedbf/markdown_it_py-4.0.0-py3-none-any.whl", hash = "sha256:87327c59b172c5011896038353a81343b6754500a08cd7a4973bb48c6d578147", size = 87321, upload-time = "2025-08-11T12:57:51.923Z" },
]

[[package]]
name = "mdurl"
version = "0.1.2"
source = { registry = "https://pypi.org/simple" }
sdist = { url = "https://files.pythonhosted.org/packages/d6/54/cfe61301667036ec958cb99bd3efefba235e65cdeb9c84d24a8293ba1d90/mdurl-0.1.2.tar.gz", hash = "sha256:bb413d29f5eea38f31dd4754dd7377d4465116fb207585f97bf925588687c1ba", size = 8729, upload-time = "2022-08-14T12:40:10.846Z" }
wheels = [
    { url = "https://files.pythonhosted.org/packages/b3/38/89ba8ad64ae25be8de66a6d463314cf1eb366222074cfda9ee839c56a4b4/mdurl-0.1.2-py3-none-any.whl", hash = "sha256:84008a41e51615a49fc9966191ff91509e3c40b939176e643fd50a5c2196b8f8", size = 9979, upload-time = "2022-08-14T12:40:09.779Z" },
]

[[package]]
name = "pydictionary"
version = "0.1.0"
source = { virtual = "." }
dependencies = [
    { name = "art" },
    { name = "fuzzywuzzy" },
    { name = "gtts" },
    { name = "pygame" },
    { name = "pynput" },
    { name = "rapidfuzz" },
    { name = "requests" },
    { name = "rich" },
]

[package.metadata]
requires-dist = [
    { name = "art", specifier = ">=6.5" },
    { name = "fuzzywuzzy", specifier = ">=0.18.0" },
    { name = "gtts", specifier = ">=2.5.4" },
    { name = "pygame", specifier = ">=2.6.1" },
    { name = "pynput", specifier = ">=1.8.1" },
    { name = "rapidfuzz", specifier = ">=3.14.1" },
    { name = "requests", specifier = ">=2.32.5" },
    { name = "rich", specifier = ">=14.1.0" },
]

[[package]]
name = "pygame"
version = "2.6.1"
source = { registry = "https://pypi.org/simple" }
sdist = { url = "https://files.pythonhosted.org/packages/49/cc/08bba60f00541f62aaa252ce0cfbd60aebd04616c0b9574f755b583e45ae/pygame-2.6.1.tar.gz", hash = "sha256:56fb02ead529cee00d415c3e007f75e0780c655909aaa8e8bf616ee09c9feb1f", size = 14808125, upload-time = "2024-09-29T13:41:34.698Z" }
wheels = [
    { url = "https://files.pythonhosted.org/packages/e1/91/718acf3e2a9d08a6ddcc96bd02a6f63c99ee7ba14afeaff2a51c987df0b9/pygame-2.6.1-cp313-cp313-macosx_10_13_x86_64.whl", hash = "sha256:ae6039f3a55d800db80e8010f387557b528d34d534435e0871326804df2a62f2", size = 13090765, upload-time = "2024-09-29T14:27:02.377Z" },
    { url = "https://files.pythonhosted.org/packages/0e/c6/9cb315de851a7682d9c7568a41ea042ee98d668cb8deadc1dafcab6116f0/pygame-2.6.1-cp313-cp313-macosx_11_0_arm64.whl", hash = "sha256:2a3a1288e2e9b1e5834e425bedd5ba01a3cd4902b5c2bff8ed4a740ccfe98171", size = 12381704, upload-time = "2024-09-29T14:27:10.228Z" },
    { url = "https://files.pythonhosted.org/packages/9f/8f/617a1196e31ae3b46be6949fbaa95b8c93ce15e0544266198c2266cc1b4d/pygame-2.6.1-cp313-cp313-manylinux_2_17_aarch64.manylinux2014_aarch64.whl", hash = "sha256:27eb17e3dc9640e4b4683074f1890e2e879827447770470c2aba9f125f74510b", size = 13581091, upload-time = "2024-09-29T11:30:27.653Z" },
    { url = "https://files.pythonhosted.org/packages/3b/87/2851a564e40a2dad353f1c6e143465d445dab18a95281f9ea458b94f3608/pygame-2.6.1-cp313-cp313-manylinux_2_17_i686.manylinux2014_i686.whl", hash = "sha256:4c1623180e70a03c4a734deb9bac50fc9c82942ae84a3a220779062128e75f3b", size = 14273844, upload-time = "2024-09-29T11:40:04.138Z" },
    { url = "https://files.pythonhosted.org/packages/85/b5/aa23aa2e70bcba42c989c02e7228273c30f3b44b9b264abb93eaeff43ad7/pygame-2.6.1-cp313-cp313-manylinux_2_17_x86_64.manylinux2014_x86_64.whl", hash = "sha256:ef07c0103d79492c21fced9ad68c11c32efa6801ca1920ebfd0f15fb46c78b1c", size = 13951197, upload-time = "2024-09-29T11:40:06.785Z" },
    { url = "https://files.pythonhosted.org/packages/a6/06/29e939b34d3f1354738c7d201c51c250ad7abefefaf6f8332d962ff67c4b/pygame-2.6.1-cp313-cp313-win32.whl", hash = "sha256:3acd8c009317190c2bfd81db681ecef47d5eb108c2151d09596d9c7ea9df5c0e", size = 10249309, upload-time = "2024-09-29T11:10:23.329Z" },
    { url = "https://files.pythonhosted.org/packages/7e/11/17f7f319ca91824b86557e9303e3b7a71991ef17fd45286bf47d7f0a38e6/pygame-2.6.1-cp313-cp313-win_amd64.whl", hash = "sha256:813af4fba5d0b2cb8e58f5d95f7910295c34067dcc290d34f1be59c48bd1ea6a", size = 10620084, upload-time = "2024-09-29T11:48:51.587Z" },
]

[[package]]
name = "pygments"
version = "2.19.2"
source = { registry = "https://pypi.org/simple" }
sdist = { url = "https://files.pythonhosted.org/packages/b0/77/a5b8c569bf593b0140bde72ea885a803b82086995367bf2037de0159d924/pygments-2.19.2.tar.gz", hash = "sha256:636cb2477cec7f8952536970bc533bc43743542f70392ae026374600add5b887", size = 4968631, upload-time = "2025-06-21T13:39:12.283Z" }
wheels = [
    { url = "https://files.pythonhosted.org/packages/c7/21/705964c7812476f378728bdf590ca4b771ec72385c533964653c68e86bdc/pygments-2.19.2-py3-none-any.whl", hash = "sha256:86540386c03d588bb81d44bc3928634ff26449851e99741617ecb9037ee5ec0b", size = 1225217, upload-time = "2025-06-21T13:39:07.939Z" },
]

[[package]]
name = "pynput"
version = "1.8.1"
source = { registry = "https://pypi.org/simple" }
dependencies = [
    { name = "evdev", marker = "'linux' in sys_platform" },
    { name = "pyobjc-framework-applicationservices", marker = "sys_platform == 'darwin'" },
    { name = "pyobjc-framework-quartz", marker = "sys_platform == 'darwin'" },
    { name = "python-xlib", marker = "'linux' in sys_platform" },
    { name = "six" },
]
sdist = { url = "https://files.pythonhosted.org/packages/f0/c3/dccf44c68225046df5324db0cc7d563a560635355b3e5f1d249468268a6f/pynput-1.8.1.tar.gz", hash = "sha256:70d7c8373ee98911004a7c938742242840a5628c004573d84ba849d4601df81e", size = 82289, upload-time = "2025-03-17T17:12:01.481Z" }
wheels = [
    { url = "https://files.pythonhosted.org/packages/59/4f/ac3fa906ae8a375a536b12794128c5efacade9eaa917a35dfd27ce0c7400/pynput-1.8.1-py2.py3-none-any.whl", hash = "sha256:42dfcf27404459ca16ca889c8fb8ffe42a9fe54f722fd1a3e130728e59e768d2", size = 91693, upload-time = "2025-03-17T17:12:00.094Z" },
]

[[package]]
name = "pyobjc-core"
version = "11.1"
source = { registry = "https://pypi.org/simple" }
sdist = { url = "https://files.pythonhosted.org/packages/e8/e9/0b85c81e2b441267bca707b5d89f56c2f02578ef8f3eafddf0e0c0b8848c/pyobjc_core-11.1.tar.gz", hash = "sha256:b63d4d90c5df7e762f34739b39cc55bc63dbcf9fb2fb3f2671e528488c7a87fe", size = 974602, upload-time = "2025-06-14T20:56:34.189Z" }
wheels = [
    { url = "https://files.pythonhosted.org/packages/c5/24/12e4e2dae5f85fd0c0b696404ed3374ea6ca398e7db886d4f1322eb30799/pyobjc_core-11.1-cp313-cp313-macosx_10_13_universal2.whl", hash = "sha256:18986f83998fbd5d3f56d8a8428b2f3e0754fd15cef3ef786ca0d29619024f2c", size = 676431, upload-time = "2025-06-14T20:44:49.908Z" },
    { url = "https://files.pythonhosted.org/packages/f7/79/031492497624de4c728f1857181b06ce8c56444db4d49418fa459cba217c/pyobjc_core-11.1-cp313-cp313t-macosx_10_13_universal2.whl", hash = "sha256:8849e78cfe6595c4911fbba29683decfb0bf57a350aed8a43316976ba6f659d2", size = 719330, upload-time = "2025-06-14T20:44:51.621Z" },
    { url = "https://files.pythonhosted.org/packages/ed/7d/6169f16a0c7ec15b9381f8bf33872baf912de2ef68d96c798ca4c6ee641f/pyobjc_core-11.1-cp314-cp314-macosx_11_0_universal2.whl", hash = "sha256:8cb9ed17a8d84a312a6e8b665dd22393d48336ea1d8277e7ad20c19a38edf731", size = 667203, upload-time = "2025-06-14T20:44:53.262Z" },
    { url = "https://files.pythonhosted.org/packages/49/0f/f5ab2b0e57430a3bec9a62b6153c0e79c05a30d77b564efdb9f9446eeac5/pyobjc_core-11.1-cp314-cp314t-macosx_11_0_universal2.whl", hash = "sha256:f2455683e807f8541f0d83fbba0f5d9a46128ab0d5cc83ea208f0bec759b7f96", size = 708807, upload-time = "2025-06-14T20:44:54.851Z" },
]

[[package]]
name = "pyobjc-framework-applicationservices"
version = "11.1"
source = { registry = "https://pypi.org/simple" }
dependencies = [
    { name = "pyobjc-core" },
    { name = "pyobjc-framework-cocoa" },
    { name = "pyobjc-framework-coretext" },
    { name = "pyobjc-framework-quartz" },
]
sdist = { url = "https://files.pythonhosted.org/packages/be/3f/b33ce0cecc3a42f6c289dcbf9ff698b0d9e85f5796db2e9cb5dadccffbb9/pyobjc_framework_applicationservices-11.1.tar.gz", hash = "sha256:03fcd8c0c600db98fa8b85eb7b3bc31491701720c795e3f762b54e865138bbaf", size = 224842, upload-time = "2025-06-14T20:56:40.648Z" }
wheels = [
    { url = "https://files.pythonhosted.org/packages/c4/06/c2a309e6f37bfa73a2a581d3301321b2033e25b249e2a01e417a3c34e799/pyobjc_framework_applicationservices-11.1-cp313-cp313-macosx_10_13_universal2.whl", hash = "sha256:385a89f4d0838c97a331e247519d9e9745aa3f7427169d18570e3c664076a63c", size = 31072, upload-time = "2025-06-14T20:45:19.707Z" },
    { url = "https://files.pythonhosted.org/packages/b4/5f/357bf498c27f1b4d48385860d8374b2569adc1522aabe32befd77089c070/pyobjc_framework_applicationservices-11.1-cp313-cp313t-macosx_10_13_universal2.whl", hash = "sha256:f480fab20f3005e559c9d06c9a3874a1f1c60dde52c6d28a53ab59b45e79d55f", size = 31335, upload-time = "2025-06-14T20:45:20.462Z" },
    { url = "https://files.pythonhosted.org/packages/ab/b6/797fdd81399fe8251196f29a621ba3f3f04d5c579d95fd304489f5558202/pyobjc_framework_applicationservices-11.1-cp314-cp314-macosx_11_0_universal2.whl", hash = "sha256:e8dee91c6a14fd042f98819dc0ac4a182e0e816282565534032f0e544bfab143", size = 31196, upload-time = "2025-06-14T20:45:21.555Z" },
    { url = "https://files.pythonhosted.org/packages/68/45/47eba8d7cdf16d778240ed13fb405e8d712464170ed29d0463363a695194/pyobjc_framework_applicationservices-11.1-cp314-cp314t-macosx_11_0_universal2.whl", hash = "sha256:a0ce40a57a9b993793b6f72c4fd93f80618ef54a69d76a1da97b8360a2f3ffc5", size = 31446, upload-time = "2025-06-14T20:45:22.313Z" },
]

[[package]]
name = "pyobjc-framework-cocoa"
version = "11.1"
source = { registry = "https://pypi.org/simple" }
dependencies = [
    { name = "pyobjc-core" },
]
sdist = { url = "https://files.pythonhosted.org/packages/4b/c5/7a866d24bc026f79239b74d05e2cf3088b03263da66d53d1b4cf5207f5ae/pyobjc_framework_cocoa-11.1.tar.gz", hash = "sha256:87df76b9b73e7ca699a828ff112564b59251bb9bbe72e610e670a4dc9940d038", size = 5565335, upload-time = "2025-06-14T20:56:59.683Z" }
wheels = [
    { url = "https://files.pythonhosted.org/packages/4e/0b/a01477cde2a040f97e226f3e15e5ffd1268fcb6d1d664885a95ba592eca9/pyobjc_framework_cocoa-11.1-cp313-cp313-macosx_10_13_universal2.whl", hash = "sha256:54e93e1d9b0fc41c032582a6f0834befe1d418d73893968f3f450281b11603da", size = 389049, upload-time = "2025-06-14T20:46:53.757Z" },
    { url = "https://files.pythonhosted.org/packages/bc/e6/64cf2661f6ab7c124d0486ec6d1d01a9bb2838a0d2a46006457d8c5e6845/pyobjc_framework_cocoa-11.1-cp313-cp313t-macosx_10_13_universal2.whl", hash = "sha256:fd5245ee1997d93e78b72703be1289d75d88ff6490af94462b564892e9266350", size = 393110, upload-time = "2025-06-14T20:46:54.894Z" },
    { url = "https://files.pythonhosted.org/packages/33/87/01e35c5a3c5bbdc93d5925366421e10835fcd7b23347b6c267df1b16d0b3/pyobjc_framework_cocoa-11.1-cp314-cp314-macosx_11_0_universal2.whl", hash = "sha256:aede53a1afc5433e1e7d66568cc52acceeb171b0a6005407a42e8e82580b4fc0", size = 392644, upload-time = "2025-06-14T20:46:56.503Z" },
    { url = "https://files.pythonhosted.org/packages/c1/7c/54afe9ffee547c41e1161691e72067a37ed27466ac71c089bfdcd07ca70d/pyobjc_framework_cocoa-11.1-cp314-cp314t-macosx_11_0_universal2.whl", hash = "sha256:1b5de4e1757bb65689d6dc1f8d8717de9ec8587eb0c4831c134f13aba29f9b71", size = 396742, upload-time = "2025-06-14T20:46:57.64Z" },
]

[[package]]
name = "pyobjc-framework-coretext"
version = "11.1"
source = { registry = "https://pypi.org/simple" }
dependencies = [
    { name = "pyobjc-core" },
    { name = "pyobjc-framework-cocoa" },
    { name = "pyobjc-framework-quartz" },
]
sdist = { url = "https://files.pythonhosted.org/packages/65/e9/d3231c4f87d07b8525401fd6ad3c56607c9e512c5490f0a7a6abb13acab6/pyobjc_framework_coretext-11.1.tar.gz", hash = "sha256:a29bbd5d85c77f46a8ee81d381b847244c88a3a5a96ac22f509027ceceaffaf6", size = 274702, upload-time = "2025-06-14T20:57:16.059Z" }
wheels = [
    { url = "https://files.pythonhosted.org/packages/b0/d1/6ec2ef4f8133177203a742d5db4db90bbb3ae100aec8d17f667208da84c9/pyobjc_framework_coretext-11.1-cp313-cp313-macosx_10_13_universal2.whl", hash = "sha256:37e051e8f12a0f47a81b8efc8c902156eb5bc3d8123c43e5bd4cebd24c222228", size = 30180, upload-time = "2025-06-14T20:48:35.766Z" },
    { url = "https://files.pythonhosted.org/packages/0a/84/d4a95e49f6af59503ba257fbed0471b6932f0afe8b3725c018dd3ba40150/pyobjc_framework_coretext-11.1-cp313-cp313t-macosx_10_13_universal2.whl", hash = "sha256:56a3a02202e0d50be3c43e781c00f9f1859ab9b73a8342ff56260b908e911e37", size = 30768, upload-time = "2025-06-14T20:48:36.869Z" },
    { url = "https://files.pythonhosted.org/packages/64/4c/16e1504e06a5cb23eec6276835ddddb087637beba66cf84b5c587eba99be/pyobjc_framework_coretext-11.1-cp314-cp314-macosx_11_0_universal2.whl", hash = "sha256:15650ba99692d00953e91e53118c11636056a22c90d472020f7ba31500577bf5", size = 30155, upload-time = "2025-06-14T20:48:37.948Z" },
    { url = "https://files.pythonhosted.org/packages/ad/a4/cbfa9c874b2770fb1ba5c38c42b0e12a8b5aa177a5a86d0ad49b935aa626/pyobjc_framework_coretext-11.1-cp314-cp314t-macosx_11_0_universal2.whl", hash = "sha256:fb27f66a56660c31bb956191d64b85b95bac99cfb833f6e99622ca0ac4b3ba12", size = 30768, upload-time = "2025-06-14T20:48:38.734Z" },
]

[[package]]
name = "pyobjc-framework-quartz"
version = "11.1"
source = { registry = "https://pypi.org/simple" }
dependencies = [
    { name = "pyobjc-core" },
    { name = "pyobjc-framework-cocoa" },
]
sdist = { url = "https://files.pythonhosted.org/packages/c7/ac/6308fec6c9ffeda9942fef72724f4094c6df4933560f512e63eac37ebd30/pyobjc_framework_quartz-11.1.tar.gz", hash = "sha256:a57f35ccfc22ad48c87c5932818e583777ff7276605fef6afad0ac0741169f75", size = 3953275, upload-time = "2025-06-14T20:58:17.924Z" }
wheels = [
    { url = "https://files.pythonhosted.org/packages/bd/27/4f4fc0e6a0652318c2844608dd7c41e49ba6006ee5fb60c7ae417c338357/pyobjc_framework_quartz-11.1-cp313-cp313-macosx_10_13_universal2.whl", hash = "sha256:43a1138280571bbf44df27a7eef519184b5c4183a588598ebaaeb887b9e73e76", size = 216816, upload-time = "2025-06-14T20:53:37.358Z" },
    { url = "https://files.pythonhosted.org/packages/b8/8a/1d15e42496bef31246f7401aad1ebf0f9e11566ce0de41c18431715aafbc/pyobjc_framework_quartz-11.1-cp313-cp313t-macosx_10_13_universal2.whl", hash = "sha256:b23d81c30c564adf6336e00b357f355b35aad10075dd7e837cfd52a9912863e5", size = 221941, upload-time = "2025-06-14T20:53:38.34Z" },
    { url = "https://files.pythonhosted.org/packages/32/a8/a3f84d06e567efc12c104799c7fd015f9bea272a75f799eda8b79e8163c6/pyobjc_framework_quartz-11.1-cp314-cp314-macosx_11_0_universal2.whl", hash = "sha256:07cbda78b4a8fcf3a2d96e047a2ff01f44e3e1820f46f0f4b3b6d77ff6ece07c", size = 221312, upload-time = "2025-06-14T20:53:39.435Z" },
    { url = "https://files.pythonhosted.org/packages/76/ef/8c08d4f255bb3efe8806609d1f0b1ddd29684ab0f9ffb5e26d3ad7957b29/pyobjc_framework_quartz-11.1-cp314-cp314t-macosx_11_0_universal2.whl", hash = "sha256:39d02a3df4b5e3eee1e0da0fb150259476910d2a9aa638ab94153c24317a9561", size = 226353, upload-time = "2025-06-14T20:53:40.655Z" },
]

[[package]]
name = "python-xlib"
version = "0.33"
source = { registry = "https://pypi.org/simple" }
dependencies = [
    { name = "six" },
]
sdist = { url = "https://files.pythonhosted.org/packages/86/f5/8c0653e5bb54e0cbdfe27bf32d41f27bc4e12faa8742778c17f2a71be2c0/python-xlib-0.33.tar.gz", hash = "sha256:55af7906a2c75ce6cb280a584776080602444f75815a7aff4d287bb2d7018b32", size = 269068, upload-time = "2022-12-25T18:53:00.824Z" }
wheels = [
    { url = "https://files.pythonhosted.org/packages/fc/b8/ff33610932e0ee81ae7f1269c890f697d56ff74b9f5b2ee5d9b7fa2c5355/python_xlib-0.33-py2.py3-none-any.whl", hash = "sha256:c3534038d42e0df2f1392a1b30a15a4ff5fdc2b86cfa94f072bf11b10a164398", size = 182185, upload-time = "2022-12-25T18:52:58.662Z" },
]

[[package]]
name = "rapidfuzz"
version = "3.14.1"
source = { registry = "https://pypi.org/simple" }
sdist = { url = "https://files.pythonhosted.org/packages/ed/fc/a98b616db9a42dcdda7c78c76bdfdf6fe290ac4c5ffbb186f73ec981ad5b/rapidfuzz-3.14.1.tar.gz", hash = "sha256:b02850e7f7152bd1edff27e9d584505b84968cacedee7a734ec4050c655a803c", size = 57869570, upload-time = "2025-09-08T21:08:15.922Z" }
wheels = [
    { url = "https://files.pythonhosted.org/packages/0d/f2/0024cc8eead108c4c29337abe133d72ddf3406ce9bbfbcfc110414a7ea07/rapidfuzz-3.14.1-cp313-cp313-macosx_10_13_x86_64.whl", hash = "sha256:8d69f470d63ee824132ecd80b1974e1d15dd9df5193916901d7860cef081a260", size = 1926515, upload-time = "2025-09-08T21:06:39.834Z" },
    { url = "https://files.pythonhosted.org/packages/12/ae/6cb211f8930bea20fa989b23f31ee7f92940caaf24e3e510d242a1b28de4/rapidfuzz-3.14.1-cp313-cp313-macosx_11_0_arm64.whl", hash = "sha256:6f571d20152fc4833b7b5e781b36d5e4f31f3b5a596a3d53cf66a1bd4436b4f4", size = 1388431, upload-time = "2025-09-08T21:06:41.73Z" },
    { url = "https://files.pythonhosted.org/packages/39/88/bfec24da0607c39e5841ced5594ea1b907d20f83adf0e3ee87fa454a425b/rapidfuzz-3.14.1-cp313-cp313-manylinux_2_26_aarch64.manylinux_2_28_aarch64.whl", hash = "sha256:61d77e09b2b6bc38228f53b9ea7972a00722a14a6048be9a3672fb5cb08bad3a", size = 1375664, upload-time = "2025-09-08T21:06:43.737Z" },
    { url = "https://files.pythonhosted.org/packages/f4/43/9f282ba539e404bdd7052c7371d3aaaa1a9417979d2a1d8332670c7f385a/rapidfuzz-3.14.1-cp313-cp313-manylinux_2_26_ppc64le.manylinux_2_28_ppc64le.whl", hash = "sha256:8b41d95ef86a6295d353dc3bb6c80550665ba2c3bef3a9feab46074d12a9af8f", size = 1668113, upload-time = "2025-09-08T21:06:45.758Z" },
    { url = "https://files.pythonhosted.org/packages/7f/2f/0b3153053b1acca90969eb0867922ac8515b1a8a48706a3215c2db60e87c/rapidfuzz-3.14.1-cp313-cp313-manylinux_2_26_s390x.manylinux_2_28_s390x.whl", hash = "sha256:0591df2e856ad583644b40a2b99fb522f93543c65e64b771241dda6d1cfdc96b", size = 2212875, upload-time = "2025-09-08T21:06:47.447Z" },
    { url = "https://files.pythonhosted.org/packages/f8/9b/623001dddc518afaa08ed1fbbfc4005c8692b7a32b0f08b20c506f17a770/rapidfuzz-3.14.1-cp313-cp313-manylinux_2_27_x86_64.manylinux_2_28_x86_64.whl", hash = "sha256:f277801f55b2f3923ef2de51ab94689a0671a4524bf7b611de979f308a54cd6f", size = 3161181, upload-time = "2025-09-08T21:06:49.179Z" },
    { url = "https://files.pythonhosted.org/packages/ce/b7/d8404ed5ad56eb74463e5ebf0a14f0019d7eb0e65e0323f709fe72e0884c/rapidfuzz-3.14.1-cp313-cp313-manylinux_2_31_armv7l.whl", hash = "sha256:893fdfd4f66ebb67f33da89eb1bd1674b7b30442fdee84db87f6cb9074bf0ce9", size = 1225495, upload-time = "2025-09-08T21:06:51.056Z" },
    { url = "https://files.pythonhosted.org/packages/2c/6c/b96af62bc7615d821e3f6b47563c265fd7379d7236dfbc1cbbcce8beb1d2/rapidfuzz-3.14.1-cp313-cp313-musllinux_1_2_aarch64.whl", hash = "sha256:fe2651258c1f1afa9b66f44bf82f639d5f83034f9804877a1bbbae2120539ad1", size = 2396294, upload-time = "2025-09-08T21:06:53.063Z" },
    { url = "https://files.pythonhosted.org/packages/7f/b7/c60c9d22a7debed8b8b751f506a4cece5c22c0b05e47a819d6b47bc8c14e/rapidfuzz-3.14.1-cp313-cp313-musllinux_1_2_armv7l.whl", hash = "sha256:ace21f7a78519d8e889b1240489cd021c5355c496cb151b479b741a4c27f0a25", size = 2529629, upload-time = "2025-09-08T21:06:55.188Z" },
    { url = "https://files.pythonhosted.org/packages/25/94/a9ec7ccb28381f14de696ffd51c321974762f137679df986f5375d35264f/rapidfuzz-3.14.1-cp313-cp313-musllinux_1_2_ppc64le.whl", hash = "sha256:cb5acf24590bc5e57027283b015950d713f9e4d155fda5cfa71adef3b3a84502", size = 2782960, upload-time = "2025-09-08T21:06:57.339Z" },
    { url = "https://files.pythonhosted.org/packages/68/80/04e5276d223060eca45250dbf79ea39940c0be8b3083661d58d57572c2c5/rapidfuzz-3.14.1-cp313-cp313-musllinux_1_2_s390x.whl", hash = "sha256:67ea46fa8cc78174bad09d66b9a4b98d3068e85de677e3c71ed931a1de28171f", size = 3298427, upload-time = "2025-09-08T21:06:59.319Z" },
    { url = "https://files.pythonhosted.org/packages/4a/63/24759b2a751562630b244e68ccaaf7a7525c720588fcc77c964146355aee/rapidfuzz-3.14.1-cp313-cp313-musllinux_1_2_x86_64.whl", hash = "sha256:44e741d785de57d1a7bae03599c1cbc7335d0b060a35e60c44c382566e22782e", size = 4267736, upload-time = "2025-09-08T21:07:01.31Z" },
    { url = "https://files.pythonhosted.org/packages/18/a4/73f1b1f7f44d55f40ffbffe85e529eb9d7e7f7b2ffc0931760eadd163995/rapidfuzz-3.14.1-cp313-cp313-win32.whl", hash = "sha256:b1fe6001baa9fa36bcb565e24e88830718f6c90896b91ceffcb48881e3adddbc", size = 1710515, upload-time = "2025-09-08T21:07:03.16Z" },
    { url = "https://files.pythonhosted.org/packages/6a/8b/a8fe5a6ee4d06fd413aaa9a7e0a23a8630c4b18501509d053646d18c2aa7/rapidfuzz-3.14.1-cp313-cp313-win_amd64.whl", hash = "sha256:83b8cc6336709fa5db0579189bfd125df280a554af544b2dc1c7da9cdad7e44d", size = 1540081, upload-time = "2025-09-08T21:07:05.401Z" },
    { url = "https://files.pythonhosted.org/packages/ac/fe/4b0ac16c118a2367d85450b45251ee5362661e9118a1cef88aae1765ffff/rapidfuzz-3.14.1-cp313-cp313-win_arm64.whl", hash = "sha256:cf75769662eadf5f9bd24e865c19e5ca7718e879273dce4e7b3b5824c4da0eb4", size = 812725, upload-time = "2025-09-08T21:07:07.148Z" },
    { url = "https://files.pythonhosted.org/packages/e2/cb/1ad9a76d974d153783f8e0be8dbe60ec46488fac6e519db804e299e0da06/rapidfuzz-3.14.1-cp313-cp313t-macosx_10_13_x86_64.whl", hash = "sha256:d937dbeda71c921ef6537c6d41a84f1b8112f107589c9977059de57a1d726dd6", size = 1945173, upload-time = "2025-09-08T21:07:08.893Z" },
    { url = "https://files.pythonhosted.org/packages/d9/61/959ed7460941d8a81cbf6552b9c45564778a36cf5e5aa872558b30fc02b2/rapidfuzz-3.14.1-cp313-cp313t-macosx_11_0_arm64.whl", hash = "sha256:7a2d80cc1a4fcc7e259ed4f505e70b36433a63fa251f1bb69ff279fe376c5efd", size = 1413949, upload-time = "2025-09-08T21:07:11.033Z" },
    { url = "https://files.pythonhosted.org/packages/7b/a0/f46fca44457ca1f25f23cc1f06867454fc3c3be118cd10b552b0ab3e58a2/rapidfuzz-3.14.1-cp313-cp313t-win32.whl", hash = "sha256:40875e0c06f1a388f1cab3885744f847b557e0b1642dfc31ff02039f9f0823ef", size = 1760666, upload-time = "2025-09-08T21:07:12.884Z" },
    { url = "https://files.pythonhosted.org/packages/9b/d0/7a5d9c04446f8b66882b0fae45b36a838cf4d31439b5d1ab48a9d17c8e57/rapidfuzz-3.14.1-cp313-cp313t-win_amd64.whl", hash = "sha256:876dc0c15552f3d704d7fb8d61bdffc872ff63bedf683568d6faad32e51bbce8", size = 1579760, upload-time = "2025-09-08T21:07:14.718Z" },
    { url = "https://files.pythonhosted.org/packages/4e/aa/2c03ae112320d0746f2c869cae68c413f3fe3b6403358556f2b747559723/rapidfuzz-3.14.1-cp313-cp313t-win_arm64.whl", hash = "sha256:61458e83b0b3e2abc3391d0953c47d6325e506ba44d6a25c869c4401b3bc222c", size = 832088, upload-time = "2025-09-08T21:07:17.03Z" },
    { url = "https://files.pythonhosted.org/packages/d6/36/53debca45fbe693bd6181fb05b6a2fd561c87669edb82ec0d7c1961a43f0/rapidfuzz-3.14.1-cp314-cp314-macosx_10_13_x86_64.whl", hash = "sha256:e84d9a844dc2e4d5c4cabd14c096374ead006583304333c14a6fbde51f612a44", size = 1926336, upload-time = "2025-09-08T21:07:18.809Z" },
    { url = "https://files.pythonhosted.org/packages/ae/32/b874f48609665fcfeaf16cbaeb2bbc210deef2b88e996c51cfc36c3eb7c3/rapidfuzz-3.14.1-cp314-cp314-macosx_11_0_arm64.whl", hash = "sha256:40301b93b99350edcd02dbb22e37ca5f2a75d0db822e9b3c522da451a93d6f27", size = 1389653, upload-time = "2025-09-08T21:07:20.667Z" },
    { url = "https://files.pythonhosted.org/packages/97/25/f6c5a1ff4ec11edadacb270e70b8415f51fa2f0d5730c2c552b81651fbe3/rapidfuzz-3.14.1-cp314-cp314-manylinux_2_26_aarch64.manylinux_2_28_aarch64.whl", hash = "sha256:fedd5097a44808dddf341466866e5c57a18a19a336565b4ff50aa8f09eb528f6", size = 1380911, upload-time = "2025-09-08T21:07:22.584Z" },
    { url = "https://files.pythonhosted.org/packages/d8/f3/d322202ef8fab463759b51ebfaa33228100510c82e6153bd7a922e150270/rapidfuzz-3.14.1-cp314-cp314-manylinux_2_26_ppc64le.manylinux_2_28_ppc64le.whl", hash = "sha256:2e3e61c9e80d8c26709d8aa5c51fdd25139c81a4ab463895f8a567f8347b0548", size = 1673515, upload-time = "2025-09-08T21:07:24.417Z" },
    { url = "https://files.pythonhosted.org/packages/8d/b9/6b2a97f4c6be96cac3749f32301b8cdf751ce5617b1c8934c96586a0662b/rapidfuzz-3.14.1-cp314-cp314-manylinux_2_26_s390x.manylinux_2_28_s390x.whl", hash = "sha256:da011a373722fac6e64687297a1d17dc8461b82cb12c437845d5a5b161bc24b9", size = 2219394, upload-time = "2025-09-08T21:07:26.402Z" },
    { url = "https://files.pythonhosted.org/packages/11/bf/afb76adffe4406e6250f14ce48e60a7eb05d4624945bd3c044cfda575fbc/rapidfuzz-3.14.1-cp314-cp314-manylinux_2_27_x86_64.manylinux_2_28_x86_64.whl", hash = "sha256:5967d571243cfb9ad3710e6e628ab68c421a237b76e24a67ac22ee0ff12784d6", size = 3163582, upload-time = "2025-09-08T21:07:28.878Z" },
    { url = "https://files.pythonhosted.org/packages/42/34/e6405227560f61e956cb4c5de653b0f874751c5ada658d3532d6c1df328e/rapidfuzz-3.14.1-cp314-cp314-manylinux_2_31_armv7l.whl", hash = "sha256:474f416cbb9099676de54aa41944c154ba8d25033ee460f87bb23e54af6d01c9", size = 1221116, upload-time = "2025-09-08T21:07:30.8Z" },
    { url = "https://files.pythonhosted.org/packages/55/e6/5b757e2e18de384b11d1daf59608453f0baf5d5d8d1c43e1a964af4dc19a/rapidfuzz-3.14.1-cp314-cp314-musllinux_1_2_aarch64.whl", hash = "sha256:ae2d57464b59297f727c4e201ea99ec7b13935f1f056c753e8103da3f2fc2404", size = 2402670, upload-time = "2025-09-08T21:07:32.702Z" },
    { url = "https://files.pythonhosted.org/packages/43/c4/d753a415fe54531aa882e288db5ed77daaa72e05c1a39e1cbac00d23024f/rapidfuzz-3.14.1-cp314-cp314-musllinux_1_2_armv7l.whl", hash = "sha256:57047493a1f62f11354c7143c380b02f1b355c52733e6b03adb1cb0fe8fb8816", size = 2521659, upload-time = "2025-09-08T21:07:35.218Z" },
    { url = "https://files.pythonhosted.org/packages/cd/28/d4e7fe1515430db98f42deb794c7586a026d302fe70f0216b638d89cf10f/rapidfuzz-3.14.1-cp314-cp314-musllinux_1_2_ppc64le.whl", hash = "sha256:4acc20776f225ee37d69517a237c090b9fa7e0836a0b8bc58868e9168ba6ef6f", size = 2788552, upload-time = "2025-09-08T21:07:37.188Z" },
    { url = "https://files.pythonhosted.org/packages/4f/00/eab05473af7a2cafb4f3994bc6bf408126b8eec99a569aac6254ac757db4/rapidfuzz-3.14.1-cp314-cp314-musllinux_1_2_s390x.whl", hash = "sha256:4373f914ff524ee0146919dea96a40a8200ab157e5a15e777a74a769f73d8a4a", size = 3306261, upload-time = "2025-09-08T21:07:39.624Z" },
    { url = "https://files.pythonhosted.org/packages/d1/31/2feb8dfcfcff6508230cd2ccfdde7a8bf988c6fda142fe9ce5d3eb15704d/rapidfuzz-3.14.1-cp314-cp314-musllinux_1_2_x86_64.whl", hash = "sha256:37017b84953927807847016620d61251fe236bd4bcb25e27b6133d955bb9cafb", size = 4269522, upload-time = "2025-09-08T21:07:41.663Z" },
    { url = "https://files.pythonhosted.org/packages/a3/99/250538d73c8fbab60597c3d131a11ef2a634d38b44296ca11922794491ac/rapidfuzz-3.14.1-cp314-cp314-win32.whl", hash = "sha256:c8d1dd1146539e093b84d0805e8951475644af794ace81d957ca612e3eb31598", size = 1745018, upload-time = "2025-09-08T21:07:44.313Z" },
    { url = "https://files.pythonhosted.org/packages/c5/15/d50839d20ad0743aded25b08a98ffb872f4bfda4e310bac6c111fcf6ea1f/rapidfuzz-3.14.1-cp314-cp314-win_amd64.whl", hash = "sha256:f51c7571295ea97387bac4f048d73cecce51222be78ed808263b45c79c40a440", size = 1587666, upload-time = "2025-09-08T21:07:46.917Z" },
    { url = "https://files.pythonhosted.org/packages/a3/ff/d73fec989213fb6f0b6f15ee4bbdf2d88b0686197951a06b036111cd1c7d/rapidfuzz-3.14.1-cp314-cp314-win_arm64.whl", hash = "sha256:01eab10ec90912d7d28b3f08f6c91adbaf93458a53f849ff70776ecd70dd7a7a", size = 835780, upload-time = "2025-09-08T21:07:49.256Z" },
    { url = "https://files.pythonhosted.org/packages/b7/e7/f0a242687143cebd33a1fb165226b73bd9496d47c5acfad93de820a18fa8/rapidfuzz-3.14.1-cp314-cp314t-macosx_10_13_x86_64.whl", hash = "sha256:60879fcae2f7618403c4c746a9a3eec89327d73148fb6e89a933b78442ff0669", size = 1945182, upload-time = "2025-09-08T21:07:51.84Z" },
    { url = "https://files.pythonhosted.org/packages/96/29/ca8a3f8525e3d0e7ab49cb927b5fb4a54855f794c9ecd0a0b60a6c96a05f/rapidfuzz-3.14.1-cp314-cp314t-macosx_11_0_arm64.whl", hash = "sha256:f94d61e44db3fc95a74006a394257af90fa6e826c900a501d749979ff495d702", size = 1413946, upload-time = "2025-09-08T21:07:53.702Z" },
    { url = "https://files.pythonhosted.org/packages/b5/ef/6fd10aa028db19c05b4ac7fe77f5613e4719377f630c709d89d7a538eea2/rapidfuzz-3.14.1-cp314-cp314t-win32.whl", hash = "sha256:93b6294a3ffab32a9b5f9b5ca048fa0474998e7e8bb0f2d2b5e819c64cb71ec7", size = 1795851, upload-time = "2025-09-08T21:07:55.76Z" },
    { url = "https://files.pythonhosted.org/packages/e4/30/acd29ebd906a50f9e0f27d5f82a48cf5e8854637b21489bd81a2459985cf/rapidfuzz-3.14.1-cp314-cp314t-win_amd64.whl", hash = "sha256:6cb56b695421538fdbe2c0c85888b991d833b8637d2f2b41faa79cea7234c000", size = 1626748, upload-time = "2025-09-08T21:07:58.166Z" },
    { url = "https://files.pythonhosted.org/packages/c1/f4/dfc7b8c46b1044a47f7ca55deceb5965985cff3193906cb32913121e6652/rapidfuzz-3.14.1-cp314-cp314t-win_arm64.whl", hash = "sha256:7cd312c380d3ce9d35c3ec9726b75eee9da50e8a38e89e229a03db2262d3d96b", size = 853771, upload-time = "2025-09-08T21:08:00.816Z" },
]

[[package]]
name = "requests"
version = "2.32.5"
source = { registry = "https://pypi.org/simple" }
dependencies = [
    { name = "certifi" },
    { name = "charset-normalizer" },
    { name = "idna" },
    { name = "urllib3" },
]
sdist = { url = "https://files.pythonhosted.org/packages/c9/74/b3ff8e6c8446842c3f5c837e9c3dfcfe2018ea6ecef224c710c85ef728f4/requests-2.32.5.tar.gz", hash = "sha256:dbba0bac56e100853db0ea71b82b4dfd5fe2bf6d3754a8893c3af500cec7d7cf", size = 134517, upload-time = "2025-08-18T20:46:02.573Z" }
wheels = [
    { url = "https://files.pythonhosted.org/packages/1e/db/4254e3eabe8020b458f1a747140d32277ec7a271daf1d235b70dc0b4e6e3/requests-2.32.5-py3-none-any.whl", hash = "sha256:2462f94637a34fd532264295e186976db0f5d453d1cdd31473c85a6a161affb6", size = 64738, upload-time = "2025-08-18T20:46:00.542Z" },
]

[[package]]
name = "rich"
version = "14.1.0"
source = { registry = "https://pypi.org/simple" }
dependencies = [
    { name = "markdown-it-py" },
    { name = "pygments" },
]
sdist = { url = "https://files.pythonhosted.org/packages/fe/75/af448d8e52bf1d8fa6a9d089ca6c07ff4453d86c65c145d0a300bb073b9b/rich-14.1.0.tar.gz", hash = "sha256:e497a48b844b0320d45007cdebfeaeed8db2a4f4bcf49f15e455cfc4af11eaa8", size = 224441, upload-time = "2025-07-25T07:32:58.125Z" }
wheels = [
    { url = "https://files.pythonhosted.org/packages/e3/30/3c4d035596d3cf444529e0b2953ad0466f6049528a879d27534700580395/rich-14.1.0-py3-none-any.whl", hash = "sha256:536f5f1785986d6dbdea3c75205c473f970777b4a0d6c6dd1b696aa05a3fa04f", size = 243368, upload-time = "2025-07-25T07:32:56.73Z" },
]

[[package]]
name = "six"
version = "1.17.0"
source = { registry = "https://pypi.org/simple" }
sdist = { url = "https://files.pythonhosted.org/packages/94/e7/b2c673351809dca68a0e064b6af791aa332cf192da575fd474ed7d6f16a2/six-1.17.0.tar.gz", hash = "sha256:ff70335d468e7eb6ec65b95b99d3a2836546063f63acc5171de367e834932a81", size = 34031, upload-time = "2024-12-04T17:35:28.174Z" }
wheels = [
    { url = "https://files.pythonhosted.org/packages/b7/ce/149a00dd41f10bc29e5921b496af8b574d8413afcd5e30dfa0ed46c2cc5e/six-1.17.0-py2.py3-none-any.whl", hash = "sha256:4721f391ed90541fddacab5acf947aa0d3dc7d27b2e1e8eda2be8970586c3274", size = 11050, upload-time = "2024-12-04T17:35:26.475Z" },
]

[[package]]
name = "urllib3"
version = "2.5.0"
source = { registry = "https://pypi.org/simple" }
sdist = { url = "https://files.pythonhosted.org/packages/15/22/9ee70a2574a4f4599c47dd506532914ce044817c7752a79b6a51286319bc/urllib3-2.5.0.tar.gz", hash = "sha256:3fc47733c7e419d4bc3f6b3dc2b4f890bb743906a30d56ba4a5bfa4bbff92760", size = 393185, upload-time = "2025-06-18T14:07:41.644Z" }
wheels = [
    { url = "https://files.pythonhosted.org/packages/a7/c2/fe1e52489ae3122415c51f387e221dd0773709bad6c6cdaa599e8a2c5185/urllib3-2.5.0-py3-none-any.whl", hash = "sha256:e6b01673c0fa6a13e374b50871808eb3bf7046c4b125b216f6bf1cc604cff0dc", size = 129795, upload-time = "2025-06-18T14:07:40.39Z" },
]
